// !$*UTF8*$!
{
	archiveVersion = 1;
	classes = {
	};
	objectVersion = 52;
	objects = {

/* Begin PBXBuildFile section */
		7012DC8E2549ADC400EAADD7 /* SignInEndPointTest.swift in Sources */ = {isa = PBXBuildFile; fileRef = 7012DC8D2549ADC400EAADD7 /* SignInEndPointTest.swift */; };
		7012DC942549AEE500EAADD7 /* EndPointMock.swift in Sources */ = {isa = PBXBuildFile; fileRef = 7012DC932549AEE500EAADD7 /* EndPointMock.swift */; };
		7012DC982549AF1B00EAADD7 /* SessionManagerStub.swift in Sources */ = {isa = PBXBuildFile; fileRef = 7012DC972549AF1B00EAADD7 /* SessionManagerStub.swift */; };
		701343B32549061B0044080A /* Alamofire in Frameworks */ = {isa = PBXBuildFile; productRef = 701343B22549061B0044080A /* Alamofire */; };
		701343BB254907AA0044080A /* NetworkManagerTest.swift in Sources */ = {isa = PBXBuildFile; fileRef = 701343BA254907AA0044080A /* NetworkManagerTest.swift */; };
		701343C125493A160044080A /* NetworkManager.swift in Sources */ = {isa = PBXBuildFile; fileRef = 701343C025493A160044080A /* NetworkManager.swift */; };
		7014F08F2557032D0059A8F3 /* AppleModel.swift in Sources */ = {isa = PBXBuildFile; fileRef = 7014F08E2557032D0059A8F3 /* AppleModel.swift */; };
		702D6C0B254A8E0100E1A706 /* SignInWithAppleButton.swift in Sources */ = {isa = PBXBuildFile; fileRef = 702D6C0A254A8E0100E1A706 /* SignInWithAppleButton.swift */; };
		702D6C38254AB0DB00E1A706 /* KeychainItem.swift in Sources */ = {isa = PBXBuildFile; fileRef = 702D6C37254AB0DB00E1A706 /* KeychainItem.swift */; };
		705930D4254FFF63003FE49F /* IssueFilterViewController.swift in Sources */ = {isa = PBXBuildFile; fileRef = 705930D3254FFF63003FE49F /* IssueFilterViewController.swift */; };
		705930DB25500126003FE49F /* IssueFilterTableViewCell.swift in Sources */ = {isa = PBXBuildFile; fileRef = 705930DA25500126003FE49F /* IssueFilterTableViewCell.swift */; };
		705930E625502FA4003FE49F /* HeaderView.swift in Sources */ = {isa = PBXBuildFile; fileRef = 705930E525502FA4003FE49F /* HeaderView.swift */; };
		705930F92550380F003FE49F /* IssueList.storyboard in Resources */ = {isa = PBXBuildFile; fileRef = 705930F72550380F003FE49F /* IssueList.storyboard */; };
		705930FF25503840003FE49F /* Label.storyboard in Resources */ = {isa = PBXBuildFile; fileRef = 705930FE25503840003FE49F /* Label.storyboard */; };
		7059310625503859003FE49F /* MileStone.storyboard in Resources */ = {isa = PBXBuildFile; fileRef = 7059310425503859003FE49F /* MileStone.storyboard */; };
		7059310C2550386F003FE49F /* Setting.storyboard in Resources */ = {isa = PBXBuildFile; fileRef = 7059310B2550386F003FE49F /* Setting.storyboard */; };
		7059311325503E79003FE49F /* IssueDetailCollectionViewCell.swift in Sources */ = {isa = PBXBuildFile; fileRef = 7059311225503E79003FE49F /* IssueDetailCollectionViewCell.swift */; };
		7059311E25506294003FE49F /* IssueDetailBottomSheetViewController.swift in Sources */ = {isa = PBXBuildFile; fileRef = 7059311D25506294003FE49F /* IssueDetailBottomSheetViewController.swift */; };
		7059313525512E72003FE49F /* IssueListViewModel.swift in Sources */ = {isa = PBXBuildFile; fileRef = 7059313425512E72003FE49F /* IssueListViewModel.swift */; };
		7059314C25513994003FE49F /* IssueListFilterTests.swift in Sources */ = {isa = PBXBuildFile; fileRef = 7059314B25513994003FE49F /* IssueListFilterTests.swift */; };
		7059315125513C69003FE49F /* IssueListModelController.swift in Sources */ = {isa = PBXBuildFile; fileRef = 7059315025513C69003FE49F /* IssueListModelController.swift */; };
		7059315725513E39003FE49F /* IssueListMakeTests.swift in Sources */ = {isa = PBXBuildFile; fileRef = 7059315625513E39003FE49F /* IssueListMakeTests.swift */; };
		7059315C25513E82003FE49F /* IssuesMock.swift in Sources */ = {isa = PBXBuildFile; fileRef = 7059315B25513E82003FE49F /* IssuesMock.swift */; };
		705931662551460B003FE49F /* IssueListCollectionViewCell.swift in Sources */ = {isa = PBXBuildFile; fileRef = 705931652551460B003FE49F /* IssueListCollectionViewCell.swift */; };
		7059317925516357003FE49F /* IssueListElement.swift in Sources */ = {isa = PBXBuildFile; fileRef = 7059317825516357003FE49F /* IssueListElement.swift */; };
		7059317D25516426003FE49F /* MilestoneElement.swift in Sources */ = {isa = PBXBuildFile; fileRef = 7059317C25516426003FE49F /* MilestoneElement.swift */; };
		7059318125516458003FE49F /* LabelElement.swift in Sources */ = {isa = PBXBuildFile; fileRef = 7059318025516458003FE49F /* LabelElement.swift */; };
		7059318525516506003FE49F /* CommentElement.swift in Sources */ = {isa = PBXBuildFile; fileRef = 7059318425516506003FE49F /* CommentElement.swift */; };
		7059319025518527003FE49F /* UIVIew+snapshot.swift in Sources */ = {isa = PBXBuildFile; fileRef = 7059318F25518527003FE49F /* UIVIew+snapshot.swift */; };
		7059319525518603003FE49F /* CustomButtonView.swift in Sources */ = {isa = PBXBuildFile; fileRef = 7059319425518603003FE49F /* CustomButtonView.swift */; };
		7059319925518A8A003FE49F /* UIColor+random.swift in Sources */ = {isa = PBXBuildFile; fileRef = 7059319825518A8A003FE49F /* UIColor+random.swift */; };
		705931A2255237A7003FE49F /* EventElement.swift in Sources */ = {isa = PBXBuildFile; fileRef = 705931A1255237A7003FE49F /* EventElement.swift */; };
		705931A625523F0A003FE49F /* String+toDate.swift in Sources */ = {isa = PBXBuildFile; fileRef = 705931A525523F0A003FE49F /* String+toDate.swift */; };
		705931B325523FE0003FE49F /* UIColor+hex.swift in Sources */ = {isa = PBXBuildFile; fileRef = 705931B225523FE0003FE49F /* UIColor+hex.swift */; };
		7074DE212547DB9800A64FC2 /* .swiftlint.yml in Resources */ = {isa = PBXBuildFile; fileRef = 7074DE202547DB9800A64FC2 /* .swiftlint.yml */; };
		708EFEEE2546DBC9009D9DEC /* AppDelegate.swift in Sources */ = {isa = PBXBuildFile; fileRef = 708EFEED2546DBC9009D9DEC /* AppDelegate.swift */; };
		708EFEF02546DBC9009D9DEC /* SceneDelegate.swift in Sources */ = {isa = PBXBuildFile; fileRef = 708EFEEF2546DBC9009D9DEC /* SceneDelegate.swift */; };
		708EFEF52546DBC9009D9DEC /* Main.storyboard in Resources */ = {isa = PBXBuildFile; fileRef = 708EFEF32546DBC9009D9DEC /* Main.storyboard */; };
		708EFEF72546DBCA009D9DEC /* Assets.xcassets in Resources */ = {isa = PBXBuildFile; fileRef = 708EFEF62546DBCA009D9DEC /* Assets.xcassets */; };
		708EFEFA2546DBCA009D9DEC /* LaunchScreen.storyboard in Resources */ = {isa = PBXBuildFile; fileRef = 708EFEF82546DBCA009D9DEC /* LaunchScreen.storyboard */; };
		708EFF052546DBCB009D9DEC /* IssueTrackerTests.swift in Sources */ = {isa = PBXBuildFile; fileRef = 708EFF042546DBCB009D9DEC /* IssueTrackerTests.swift */; };
		70B0A13E2552850600E0E130 /* IssueFilterViewModel.swift in Sources */ = {isa = PBXBuildFile; fileRef = 70B0A13D2552850500E0E130 /* IssueFilterViewModel.swift */; };
		70B0A15425531CA300E0E130 /* User.swift in Sources */ = {isa = PBXBuildFile; fileRef = 70B0A15325531CA300E0E130 /* User.swift */; };
		70F466BD2556BF6100C277AD /* IssueListEndPoint.swift in Sources */ = {isa = PBXBuildFile; fileRef = 70F466BC2556BF6100C277AD /* IssueListEndPoint.swift */; };
		BB41E027254963FA008245A3 /* APIConfiguration.swift in Sources */ = {isa = PBXBuildFile; fileRef = BB41E026254963FA008245A3 /* APIConfiguration.swift */; };
		BB41E02B2549655B008245A3 /* SignInEndPoint.swift in Sources */ = {isa = PBXBuildFile; fileRef = BB41E02A2549655B008245A3 /* SignInEndPoint.swift */; };
		BB52170F254A81D8008455D4 /* UserTestModel.swift in Sources */ = {isa = PBXBuildFile; fileRef = BB52170E254A81D8008455D4 /* UserTestModel.swift */; };
		BB52171B254A9EAF008455D4 /* OAuthManager.swift in Sources */ = {isa = PBXBuildFile; fileRef = BB52171A254A9EAF008455D4 /* OAuthManager.swift */; };
		BB65A046254FECA300D09DD5 /* IssueListViewController.swift in Sources */ = {isa = PBXBuildFile; fileRef = BB65A045254FECA300D09DD5 /* IssueListViewController.swift */; };
		BB65A04C254FED2000D09DD5 /* IssueDetailViewController.swift in Sources */ = {isa = PBXBuildFile; fileRef = BB65A04B254FED2000D09DD5 /* IssueDetailViewController.swift */; };
		BB91912425500E25007D25B7 /* CreateIssueViewController.swift in Sources */ = {isa = PBXBuildFile; fileRef = BB91912325500E25007D25B7 /* CreateIssueViewController.swift */; };
		BBB321F32556DE42000F6CF3 /* EditIssueViewController.swift in Sources */ = {isa = PBXBuildFile; fileRef = BBB321F22556DE42000F6CF3 /* EditIssueViewController.swift */; };
		BBCC49ED2547E8F300FAB2F4 /* SignInViewController.swift in Sources */ = {isa = PBXBuildFile; fileRef = BBCC49EC2547E8F300FAB2F4 /* SignInViewController.swift */; };
		BBCC49F32547E9FD00FAB2F4 /* UIView+IBInspectable.swift in Sources */ = {isa = PBXBuildFile; fileRef = BBCC49F22547E9FD00FAB2F4 /* UIView+IBInspectable.swift */; };
		BBCC4A032547FCF800FAB2F4 /* SignUpViewController.swift in Sources */ = {isa = PBXBuildFile; fileRef = BBCC4A022547FCF800FAB2F4 /* SignUpViewController.swift */; };
		BBCC4A132548204200FAB2F4 /* SignInInteractor.swift in Sources */ = {isa = PBXBuildFile; fileRef = BBCC4A122548204200FAB2F4 /* SignInInteractor.swift */; };
		BBE2860A25503C1200A59009 /* Authentication.storyboard in Resources */ = {isa = PBXBuildFile; fileRef = BBE2860825503C1200A59009 /* Authentication.storyboard */; };
		BBE2861125503D8A00A59009 /* SettingViewController.swift in Sources */ = {isa = PBXBuildFile; fileRef = BBE2861025503D8A00A59009 /* SettingViewController.swift */; };
		FB61544F48E987F7556EC50C /* libPods-IssueTracker.a in Frameworks */ = {isa = PBXBuildFile; fileRef = 8FB431BFDCDAC5FA1D443DF4 /* libPods-IssueTracker.a */; };
/* End PBXBuildFile section */

/* Begin PBXContainerItemProxy section */
		708EFF012546DBCB009D9DEC /* PBXContainerItemProxy */ = {
			isa = PBXContainerItemProxy;
			containerPortal = 708EFEE22546DBC9009D9DEC /* Project object */;
			proxyType = 1;
			remoteGlobalIDString = 708EFEE92546DBC9009D9DEC;
			remoteInfo = IssueTracker;
		};
/* End PBXContainerItemProxy section */

/* Begin PBXFileReference section */
		00CD71BADFAF37AAD7411928 /* Pods-IssueTracker.debug.xcconfig */ = {isa = PBXFileReference; includeInIndex = 1; lastKnownFileType = text.xcconfig; name = "Pods-IssueTracker.debug.xcconfig"; path = "Target Support Files/Pods-IssueTracker/Pods-IssueTracker.debug.xcconfig"; sourceTree = "<group>"; };
		7012DC8D2549ADC400EAADD7 /* SignInEndPointTest.swift */ = {isa = PBXFileReference; lastKnownFileType = sourcecode.swift; path = SignInEndPointTest.swift; sourceTree = "<group>"; };
		7012DC932549AEE500EAADD7 /* EndPointMock.swift */ = {isa = PBXFileReference; lastKnownFileType = sourcecode.swift; path = EndPointMock.swift; sourceTree = "<group>"; };
		7012DC972549AF1B00EAADD7 /* SessionManagerStub.swift */ = {isa = PBXFileReference; lastKnownFileType = sourcecode.swift; path = SessionManagerStub.swift; sourceTree = "<group>"; };
		701343BA254907AA0044080A /* NetworkManagerTest.swift */ = {isa = PBXFileReference; lastKnownFileType = sourcecode.swift; path = NetworkManagerTest.swift; sourceTree = "<group>"; };
		701343C025493A160044080A /* NetworkManager.swift */ = {isa = PBXFileReference; lastKnownFileType = sourcecode.swift; path = NetworkManager.swift; sourceTree = "<group>"; };
		7014F08E2557032D0059A8F3 /* AppleModel.swift */ = {isa = PBXFileReference; lastKnownFileType = sourcecode.swift; path = AppleModel.swift; sourceTree = "<group>"; };
		702D6C0A254A8E0100E1A706 /* SignInWithAppleButton.swift */ = {isa = PBXFileReference; lastKnownFileType = sourcecode.swift; path = SignInWithAppleButton.swift; sourceTree = "<group>"; };
		702D6C1A254A937300E1A706 /* IssueTracker.entitlements */ = {isa = PBXFileReference; lastKnownFileType = text.plist.entitlements; path = IssueTracker.entitlements; sourceTree = "<group>"; };
		702D6C37254AB0DB00E1A706 /* KeychainItem.swift */ = {isa = PBXFileReference; lastKnownFileType = sourcecode.swift; path = KeychainItem.swift; sourceTree = "<group>"; };
		705930D3254FFF63003FE49F /* IssueFilterViewController.swift */ = {isa = PBXFileReference; lastKnownFileType = sourcecode.swift; path = IssueFilterViewController.swift; sourceTree = "<group>"; };
		705930DA25500126003FE49F /* IssueFilterTableViewCell.swift */ = {isa = PBXFileReference; lastKnownFileType = sourcecode.swift; path = IssueFilterTableViewCell.swift; sourceTree = "<group>"; };
		705930E525502FA4003FE49F /* HeaderView.swift */ = {isa = PBXFileReference; lastKnownFileType = sourcecode.swift; path = HeaderView.swift; sourceTree = "<group>"; };
		705930F82550380F003FE49F /* Base */ = {isa = PBXFileReference; lastKnownFileType = file.storyboard; name = Base; path = IssueTracker/Base.lproj/IssueList.storyboard; sourceTree = "<group>"; };
		705930FE25503840003FE49F /* Label.storyboard */ = {isa = PBXFileReference; fileEncoding = 4; lastKnownFileType = file.storyboard; path = Label.storyboard; sourceTree = "<group>"; };
		7059310525503859003FE49F /* Base */ = {isa = PBXFileReference; lastKnownFileType = file.storyboard; name = Base; path = Base.lproj/MileStone.storyboard; sourceTree = "<group>"; };
		7059310B2550386F003FE49F /* Setting.storyboard */ = {isa = PBXFileReference; fileEncoding = 4; lastKnownFileType = file.storyboard; name = Setting.storyboard; path = IssueTracker/Setting/Setting.storyboard; sourceTree = SOURCE_ROOT; };
		7059311225503E79003FE49F /* IssueDetailCollectionViewCell.swift */ = {isa = PBXFileReference; lastKnownFileType = sourcecode.swift; path = IssueDetailCollectionViewCell.swift; sourceTree = "<group>"; };
		7059311D25506294003FE49F /* IssueDetailBottomSheetViewController.swift */ = {isa = PBXFileReference; lastKnownFileType = sourcecode.swift; path = IssueDetailBottomSheetViewController.swift; sourceTree = "<group>"; };
		7059313425512E72003FE49F /* IssueListViewModel.swift */ = {isa = PBXFileReference; lastKnownFileType = sourcecode.swift; path = IssueListViewModel.swift; sourceTree = "<group>"; };
		7059314B25513994003FE49F /* IssueListFilterTests.swift */ = {isa = PBXFileReference; lastKnownFileType = sourcecode.swift; path = IssueListFilterTests.swift; sourceTree = "<group>"; };
		7059315025513C69003FE49F /* IssueListModelController.swift */ = {isa = PBXFileReference; lastKnownFileType = sourcecode.swift; path = IssueListModelController.swift; sourceTree = "<group>"; };
		7059315625513E39003FE49F /* IssueListMakeTests.swift */ = {isa = PBXFileReference; lastKnownFileType = sourcecode.swift; path = IssueListMakeTests.swift; sourceTree = "<group>"; };
		7059315B25513E82003FE49F /* IssuesMock.swift */ = {isa = PBXFileReference; lastKnownFileType = sourcecode.swift; path = IssuesMock.swift; sourceTree = "<group>"; };
		705931652551460B003FE49F /* IssueListCollectionViewCell.swift */ = {isa = PBXFileReference; lastKnownFileType = sourcecode.swift; path = IssueListCollectionViewCell.swift; sourceTree = "<group>"; };
		7059317825516357003FE49F /* IssueListElement.swift */ = {isa = PBXFileReference; lastKnownFileType = sourcecode.swift; path = IssueListElement.swift; sourceTree = "<group>"; };
		7059317C25516426003FE49F /* MilestoneElement.swift */ = {isa = PBXFileReference; lastKnownFileType = sourcecode.swift; path = MilestoneElement.swift; sourceTree = "<group>"; };
		7059318025516458003FE49F /* LabelElement.swift */ = {isa = PBXFileReference; lastKnownFileType = sourcecode.swift; path = LabelElement.swift; sourceTree = "<group>"; };
		7059318425516506003FE49F /* CommentElement.swift */ = {isa = PBXFileReference; lastKnownFileType = sourcecode.swift; path = CommentElement.swift; sourceTree = "<group>"; };
		7059318F25518527003FE49F /* UIVIew+snapshot.swift */ = {isa = PBXFileReference; lastKnownFileType = sourcecode.swift; path = "UIVIew+snapshot.swift"; sourceTree = "<group>"; };
		7059319425518603003FE49F /* CustomButtonView.swift */ = {isa = PBXFileReference; lastKnownFileType = sourcecode.swift; path = CustomButtonView.swift; sourceTree = "<group>"; };
		7059319825518A8A003FE49F /* UIColor+random.swift */ = {isa = PBXFileReference; lastKnownFileType = sourcecode.swift; path = "UIColor+random.swift"; sourceTree = "<group>"; };
		705931A1255237A7003FE49F /* EventElement.swift */ = {isa = PBXFileReference; lastKnownFileType = sourcecode.swift; path = EventElement.swift; sourceTree = "<group>"; };
		705931A525523F0A003FE49F /* String+toDate.swift */ = {isa = PBXFileReference; lastKnownFileType = sourcecode.swift; path = "String+toDate.swift"; sourceTree = "<group>"; };
		705931B225523FE0003FE49F /* UIColor+hex.swift */ = {isa = PBXFileReference; lastKnownFileType = sourcecode.swift; path = "UIColor+hex.swift"; sourceTree = "<group>"; };
		7074DE202547DB9800A64FC2 /* .swiftlint.yml */ = {isa = PBXFileReference; lastKnownFileType = text.yaml; path = .swiftlint.yml; sourceTree = "<group>"; };
		708EFEEA2546DBC9009D9DEC /* IssueTracker.app */ = {isa = PBXFileReference; explicitFileType = wrapper.application; includeInIndex = 0; path = IssueTracker.app; sourceTree = BUILT_PRODUCTS_DIR; };
		708EFEED2546DBC9009D9DEC /* AppDelegate.swift */ = {isa = PBXFileReference; lastKnownFileType = sourcecode.swift; path = AppDelegate.swift; sourceTree = "<group>"; };
		708EFEEF2546DBC9009D9DEC /* SceneDelegate.swift */ = {isa = PBXFileReference; lastKnownFileType = sourcecode.swift; path = SceneDelegate.swift; sourceTree = "<group>"; };
		708EFEF42546DBC9009D9DEC /* Base */ = {isa = PBXFileReference; lastKnownFileType = file.storyboard; name = Base; path = Base.lproj/Main.storyboard; sourceTree = "<group>"; };
		708EFEF62546DBCA009D9DEC /* Assets.xcassets */ = {isa = PBXFileReference; lastKnownFileType = folder.assetcatalog; path = Assets.xcassets; sourceTree = "<group>"; };
		708EFEF92546DBCA009D9DEC /* Base */ = {isa = PBXFileReference; lastKnownFileType = file.storyboard; name = Base; path = Base.lproj/LaunchScreen.storyboard; sourceTree = "<group>"; };
		708EFEFB2546DBCA009D9DEC /* Info.plist */ = {isa = PBXFileReference; lastKnownFileType = text.plist.xml; path = Info.plist; sourceTree = "<group>"; };
		708EFF002546DBCB009D9DEC /* IssueTrackerTests.xctest */ = {isa = PBXFileReference; explicitFileType = wrapper.cfbundle; includeInIndex = 0; path = IssueTrackerTests.xctest; sourceTree = BUILT_PRODUCTS_DIR; };
		708EFF042546DBCB009D9DEC /* IssueTrackerTests.swift */ = {isa = PBXFileReference; lastKnownFileType = sourcecode.swift; path = IssueTrackerTests.swift; sourceTree = "<group>"; };
		708EFF062546DBCB009D9DEC /* Info.plist */ = {isa = PBXFileReference; lastKnownFileType = text.plist.xml; path = Info.plist; sourceTree = "<group>"; };
		70B0A13D2552850500E0E130 /* IssueFilterViewModel.swift */ = {isa = PBXFileReference; lastKnownFileType = sourcecode.swift; path = IssueFilterViewModel.swift; sourceTree = "<group>"; };
		70B0A15325531CA300E0E130 /* User.swift */ = {isa = PBXFileReference; lastKnownFileType = sourcecode.swift; path = User.swift; sourceTree = "<group>"; };
		70F466BC2556BF6100C277AD /* IssueListEndPoint.swift */ = {isa = PBXFileReference; lastKnownFileType = sourcecode.swift; path = IssueListEndPoint.swift; sourceTree = "<group>"; };
		8FB431BFDCDAC5FA1D443DF4 /* libPods-IssueTracker.a */ = {isa = PBXFileReference; explicitFileType = archive.ar; includeInIndex = 0; path = "libPods-IssueTracker.a"; sourceTree = BUILT_PRODUCTS_DIR; };
		BB41E026254963FA008245A3 /* APIConfiguration.swift */ = {isa = PBXFileReference; lastKnownFileType = sourcecode.swift; path = APIConfiguration.swift; sourceTree = "<group>"; };
		BB41E02A2549655B008245A3 /* SignInEndPoint.swift */ = {isa = PBXFileReference; lastKnownFileType = sourcecode.swift; path = SignInEndPoint.swift; sourceTree = "<group>"; };
		BB52170E254A81D8008455D4 /* UserTestModel.swift */ = {isa = PBXFileReference; lastKnownFileType = sourcecode.swift; path = UserTestModel.swift; sourceTree = "<group>"; };
		BB52171A254A9EAF008455D4 /* OAuthManager.swift */ = {isa = PBXFileReference; lastKnownFileType = sourcecode.swift; path = OAuthManager.swift; sourceTree = "<group>"; };
		BB65A045254FECA300D09DD5 /* IssueListViewController.swift */ = {isa = PBXFileReference; lastKnownFileType = sourcecode.swift; path = IssueListViewController.swift; sourceTree = "<group>"; };
		BB65A04B254FED2000D09DD5 /* IssueDetailViewController.swift */ = {isa = PBXFileReference; lastKnownFileType = sourcecode.swift; path = IssueDetailViewController.swift; sourceTree = "<group>"; };
		BB91912325500E25007D25B7 /* CreateIssueViewController.swift */ = {isa = PBXFileReference; lastKnownFileType = sourcecode.swift; path = CreateIssueViewController.swift; sourceTree = "<group>"; };
		BBB321F22556DE42000F6CF3 /* EditIssueViewController.swift */ = {isa = PBXFileReference; lastKnownFileType = sourcecode.swift; path = EditIssueViewController.swift; sourceTree = "<group>"; };
		BBCC49EC2547E8F300FAB2F4 /* SignInViewController.swift */ = {isa = PBXFileReference; lastKnownFileType = sourcecode.swift; path = SignInViewController.swift; sourceTree = "<group>"; };
		BBCC49F22547E9FD00FAB2F4 /* UIView+IBInspectable.swift */ = {isa = PBXFileReference; lastKnownFileType = sourcecode.swift; path = "UIView+IBInspectable.swift"; sourceTree = "<group>"; };
		BBCC4A022547FCF800FAB2F4 /* SignUpViewController.swift */ = {isa = PBXFileReference; lastKnownFileType = sourcecode.swift; path = SignUpViewController.swift; sourceTree = "<group>"; };
		BBCC4A122548204200FAB2F4 /* SignInInteractor.swift */ = {isa = PBXFileReference; lastKnownFileType = sourcecode.swift; path = SignInInteractor.swift; sourceTree = "<group>"; };
		BBE2860925503C1200A59009 /* Base */ = {isa = PBXFileReference; lastKnownFileType = file.storyboard; name = Base; path = IssueTracker/Base.lproj/Authentication.storyboard; sourceTree = "<group>"; };
		BBE2861025503D8A00A59009 /* SettingViewController.swift */ = {isa = PBXFileReference; lastKnownFileType = sourcecode.swift; path = SettingViewController.swift; sourceTree = "<group>"; };
		E3F70225329F0E308853325D /* Pods-IssueTracker.release.xcconfig */ = {isa = PBXFileReference; includeInIndex = 1; lastKnownFileType = text.xcconfig; name = "Pods-IssueTracker.release.xcconfig"; path = "Target Support Files/Pods-IssueTracker/Pods-IssueTracker.release.xcconfig"; sourceTree = "<group>"; };
/* End PBXFileReference section */

/* Begin PBXFrameworksBuildPhase section */
		708EFEE72546DBC9009D9DEC /* Frameworks */ = {
			isa = PBXFrameworksBuildPhase;
			buildActionMask = 2147483647;
			files = (
				FB61544F48E987F7556EC50C /* libPods-IssueTracker.a in Frameworks */,
				701343B32549061B0044080A /* Alamofire in Frameworks */,
			);
			runOnlyForDeploymentPostprocessing = 0;
		};
		708EFEFD2546DBCB009D9DEC /* Frameworks */ = {
			isa = PBXFrameworksBuildPhase;
			buildActionMask = 2147483647;
			files = (
			);
			runOnlyForDeploymentPostprocessing = 0;
		};
/* End PBXFrameworksBuildPhase section */

/* Begin PBXGroup section */
		7006F9002547EC850051EC0A /* SignIn */ = {
			isa = PBXGroup;
			children = (
				70B0A15225531C9800E0E130 /* Models */,
				702D6C43254AB9C300E1A706 /* Views */,
				BBCC49EC2547E8F300FAB2F4 /* SignInViewController.swift */,
				BBCC4A122548204200FAB2F4 /* SignInInteractor.swift */,
				702D6C37254AB0DB00E1A706 /* KeychainItem.swift */,
				BB52171A254A9EAF008455D4 /* OAuthManager.swift */,
			);
			path = SignIn;
			sourceTree = "<group>";
		};
		7012DC8C2549AD9400EAADD7 /* SignInTests */ = {
			isa = PBXGroup;
			children = (
				7012DC8D2549ADC400EAADD7 /* SignInEndPointTest.swift */,
			);
			path = SignInTests;
			sourceTree = "<group>";
		};
		701343B6254906D30044080A /* Network */ = {
			isa = PBXGroup;
			children = (
				7059317725516331003FE49F /* Models */,
				701343C025493A160044080A /* NetworkManager.swift */,
				BB41E026254963FA008245A3 /* APIConfiguration.swift */,
			);
			path = Network;
			sourceTree = "<group>";
		};
		701343B9254907890044080A /* NetworkTests */ = {
			isa = PBXGroup;
			children = (
				701343BA254907AA0044080A /* NetworkManagerTest.swift */,
				7012DC972549AF1B00EAADD7 /* SessionManagerStub.swift */,
				7012DC932549AEE500EAADD7 /* EndPointMock.swift */,
				BB52170E254A81D8008455D4 /* UserTestModel.swift */,
			);
			path = NetworkTests;
			sourceTree = "<group>";
		};
		702D6C43254AB9C300E1A706 /* Views */ = {
			isa = PBXGroup;
			children = (
				702D6C0A254A8E0100E1A706 /* SignInWithAppleButton.swift */,
			);
			path = Views;
			sourceTree = "<group>";
		};
		705930BE254FE232003FE49F /* IssueList */ = {
			isa = PBXGroup;
			children = (
				BBBCF96925511B3B00819773 /* Views */,
				7059313325512E60003FE49F /* Models */,
				BB65A045254FECA300D09DD5 /* IssueListViewController.swift */,
			);
			path = IssueList;
			sourceTree = "<group>";
		};
		705930D2254FFF47003FE49F /* IssueFilter */ = {
			isa = PBXGroup;
			children = (
				705930D9255000F1003FE49F /* Views */,
				70B0A13C255284FB00E0E130 /* Models */,
				705930D3254FFF63003FE49F /* IssueFilterViewController.swift */,
			);
			path = IssueFilter;
			sourceTree = "<group>";
		};
		705930D9255000F1003FE49F /* Views */ = {
			isa = PBXGroup;
			children = (
				705930DA25500126003FE49F /* IssueFilterTableViewCell.swift */,
				705930E525502FA4003FE49F /* HeaderView.swift */,
			);
			path = Views;
			sourceTree = "<group>";
		};
		7059311125503E52003FE49F /* Views */ = {
			isa = PBXGroup;
			children = (
				7059311225503E79003FE49F /* IssueDetailCollectionViewCell.swift */,
			);
			path = Views;
			sourceTree = "<group>";
		};
		7059313325512E60003FE49F /* Models */ = {
			isa = PBXGroup;
			children = (
				7059313425512E72003FE49F /* IssueListViewModel.swift */,
				7059315025513C69003FE49F /* IssueListModelController.swift */,
				70F466BC2556BF6100C277AD /* IssueListEndPoint.swift */,
			);
			path = Models;
			sourceTree = "<group>";
		};
		70593142255138C8003FE49F /* IssueListTests */ = {
			isa = PBXGroup;
			children = (
				7059314B25513994003FE49F /* IssueListFilterTests.swift */,
				7059315625513E39003FE49F /* IssueListMakeTests.swift */,
				7059315B25513E82003FE49F /* IssuesMock.swift */,
			);
			path = IssueListTests;
			sourceTree = "<group>";
		};
		7059317725516331003FE49F /* Models */ = {
			isa = PBXGroup;
			children = (
				7059317C25516426003FE49F /* MilestoneElement.swift */,
				7059318025516458003FE49F /* LabelElement.swift */,
				7059317825516357003FE49F /* IssueListElement.swift */,
				7059318425516506003FE49F /* CommentElement.swift */,
				705931A1255237A7003FE49F /* EventElement.swift */,
			);
			path = Models;
			sourceTree = "<group>";
		};
		7059318E25518495003FE49F /* Common */ = {
			isa = PBXGroup;
			children = (
				705931932551855C003FE49F /* Extension */,
				7059319425518603003FE49F /* CustomButtonView.swift */,
			);
			path = Common;
			sourceTree = "<group>";
		};
		705931932551855C003FE49F /* Extension */ = {
			isa = PBXGroup;
			children = (
				BBCC49F22547E9FD00FAB2F4 /* UIView+IBInspectable.swift */,
				7059318F25518527003FE49F /* UIVIew+snapshot.swift */,
				7059319825518A8A003FE49F /* UIColor+random.swift */,
				705931A525523F0A003FE49F /* String+toDate.swift */,
				705931B225523FE0003FE49F /* UIColor+hex.swift */,
			);
			path = Extension;
			sourceTree = "<group>";
		};
		708EFEE12546DBC9009D9DEC = {
			isa = PBXGroup;
			children = (
				7074DE202547DB9800A64FC2 /* .swiftlint.yml */,
				708EFEEC2546DBC9009D9DEC /* IssueTracker */,
				708EFF032546DBCB009D9DEC /* IssueTrackerTests */,
				708EFEEB2546DBC9009D9DEC /* Products */,
				B4F24F7C0D0F4753C4B47203 /* Pods */,
				C689676893C0F30050631770 /* Frameworks */,
			);
			sourceTree = "<group>";
		};
		708EFEEB2546DBC9009D9DEC /* Products */ = {
			isa = PBXGroup;
			children = (
				708EFEEA2546DBC9009D9DEC /* IssueTracker.app */,
				708EFF002546DBCB009D9DEC /* IssueTrackerTests.xctest */,
			);
			name = Products;
			sourceTree = "<group>";
		};
		708EFEEC2546DBC9009D9DEC /* IssueTracker */ = {
			isa = PBXGroup;
			children = (
				702D6C1A254A937300E1A706 /* IssueTracker.entitlements */,
				701343B6254906D30044080A /* Network */,
				7006F9002547EC850051EC0A /* SignIn */,
				BBCC4A012547FCD700FAB2F4 /* SignUp */,
				705930BE254FE232003FE49F /* IssueList */,
				705930D2254FFF47003FE49F /* IssueFilter */,
				BB65A044254FEC7200D09DD5 /* IssueDetail */,
				BB91912225500D6F007D25B7 /* CreateIssue */,
				BBB321F12556DE1C000F6CF3 /* EditIssue */,
				BB51962A2553F3000052882D /* Label */,
				BB51962B2553F3110052882D /* Milestone */,
				BBE2860F25503D6400A59009 /* Setting */,
				7059318E25518495003FE49F /* Common */,
				708EFEED2546DBC9009D9DEC /* AppDelegate.swift */,
				708EFEEF2546DBC9009D9DEC /* SceneDelegate.swift */,
				708EFEF32546DBC9009D9DEC /* Main.storyboard */,
				708EFEF62546DBCA009D9DEC /* Assets.xcassets */,
				708EFEF82546DBCA009D9DEC /* LaunchScreen.storyboard */,
				708EFEFB2546DBCA009D9DEC /* Info.plist */,
				BBE2860825503C1200A59009 /* Authentication.storyboard */,
				705930F72550380F003FE49F /* IssueList.storyboard */,
			);
			path = IssueTracker;
			sourceTree = "<group>";
		};
		708EFF032546DBCB009D9DEC /* IssueTrackerTests */ = {
			isa = PBXGroup;
			children = (
				701343B9254907890044080A /* NetworkTests */,
				7012DC8C2549AD9400EAADD7 /* SignInTests */,
				70593142255138C8003FE49F /* IssueListTests */,
				708EFF042546DBCB009D9DEC /* IssueTrackerTests.swift */,
				708EFF062546DBCB009D9DEC /* Info.plist */,
			);
			path = IssueTrackerTests;
			sourceTree = "<group>";
		};
		70B0A13C255284FB00E0E130 /* Models */ = {
			isa = PBXGroup;
			children = (
				70B0A13D2552850500E0E130 /* IssueFilterViewModel.swift */,
			);
			path = Models;
			sourceTree = "<group>";
		};
		70B0A15225531C9800E0E130 /* Models */ = {
			isa = PBXGroup;
			children = (
				BB41E02A2549655B008245A3 /* SignInEndPoint.swift */,
				70B0A15325531CA300E0E130 /* User.swift */,
				7014F08E2557032D0059A8F3 /* AppleModel.swift */,
			);
			path = Models;
			sourceTree = "<group>";
		};
		B4F24F7C0D0F4753C4B47203 /* Pods */ = {
			isa = PBXGroup;
			children = (
				00CD71BADFAF37AAD7411928 /* Pods-IssueTracker.debug.xcconfig */,
				E3F70225329F0E308853325D /* Pods-IssueTracker.release.xcconfig */,
			);
			path = Pods;
			sourceTree = "<group>";
		};
		BB51962A2553F3000052882D /* Label */ = {
			isa = PBXGroup;
			children = (
				705930FE25503840003FE49F /* Label.storyboard */,
			);
			path = Label;
			sourceTree = "<group>";
		};
		BB51962B2553F3110052882D /* Milestone */ = {
			isa = PBXGroup;
			children = (
				7059310425503859003FE49F /* MileStone.storyboard */,
			);
			path = Milestone;
			sourceTree = "<group>";
		};
		BB65A044254FEC7200D09DD5 /* IssueDetail */ = {
			isa = PBXGroup;
			children = (
				7059311125503E52003FE49F /* Views */,
				BB65A04B254FED2000D09DD5 /* IssueDetailViewController.swift */,
				7059311D25506294003FE49F /* IssueDetailBottomSheetViewController.swift */,
			);
			path = IssueDetail;
			sourceTree = "<group>";
		};
		BB91912225500D6F007D25B7 /* CreateIssue */ = {
			isa = PBXGroup;
			children = (
				BB91912325500E25007D25B7 /* CreateIssueViewController.swift */,
			);
			path = CreateIssue;
			sourceTree = "<group>";
		};
		BBB321F12556DE1C000F6CF3 /* EditIssue */ = {
			isa = PBXGroup;
			children = (
				BBB321F22556DE42000F6CF3 /* EditIssueViewController.swift */,
			);
			path = EditIssue;
			sourceTree = "<group>";
		};
		BBBCF96925511B3B00819773 /* Views */ = {
			isa = PBXGroup;
			children = (
				705931652551460B003FE49F /* IssueListCollectionViewCell.swift */,
			);
			path = Views;
			sourceTree = "<group>";
		};
		BBCC4A012547FCD700FAB2F4 /* SignUp */ = {
			isa = PBXGroup;
			children = (
				BBCC4A022547FCF800FAB2F4 /* SignUpViewController.swift */,
			);
			path = SignUp;
			sourceTree = "<group>";
		};
		BBE2860F25503D6400A59009 /* Setting */ = {
			isa = PBXGroup;
			children = (
				BBE2861025503D8A00A59009 /* SettingViewController.swift */,
				7059310B2550386F003FE49F /* Setting.storyboard */,
			);
			path = Setting;
			sourceTree = "<group>";
		};
		C689676893C0F30050631770 /* Frameworks */ = {
			isa = PBXGroup;
			children = (
				8FB431BFDCDAC5FA1D443DF4 /* libPods-IssueTracker.a */,
			);
			name = Frameworks;
			sourceTree = "<group>";
		};
/* End PBXGroup section */

/* Begin PBXNativeTarget section */
		708EFEE92546DBC9009D9DEC /* IssueTracker */ = {
			isa = PBXNativeTarget;
			buildConfigurationList = 708EFF142546DBCB009D9DEC /* Build configuration list for PBXNativeTarget "IssueTracker" */;
			buildPhases = (
				A5ED5CC7BAAC2F5232EA13AB /* [CP] Check Pods Manifest.lock */,
				708EFEE62546DBC9009D9DEC /* Sources */,
				708EFEE72546DBC9009D9DEC /* Frameworks */,
				708EFEE82546DBC9009D9DEC /* Resources */,
				700EDACD2547DB20005AD3BD /* ShellScript */,
			);
			buildRules = (
			);
			dependencies = (
			);
			name = IssueTracker;
			packageProductDependencies = (
				701343B22549061B0044080A /* Alamofire */,
			);
			productName = IssueTracker;
			productReference = 708EFEEA2546DBC9009D9DEC /* IssueTracker.app */;
			productType = "com.apple.product-type.application";
		};
		708EFEFF2546DBCB009D9DEC /* IssueTrackerTests */ = {
			isa = PBXNativeTarget;
			buildConfigurationList = 708EFF172546DBCB009D9DEC /* Build configuration list for PBXNativeTarget "IssueTrackerTests" */;
			buildPhases = (
				708EFEFC2546DBCB009D9DEC /* Sources */,
				708EFEFD2546DBCB009D9DEC /* Frameworks */,
				708EFEFE2546DBCB009D9DEC /* Resources */,
			);
			buildRules = (
			);
			dependencies = (
				708EFF022546DBCB009D9DEC /* PBXTargetDependency */,
			);
			name = IssueTrackerTests;
			productName = IssueTrackerTests;
			productReference = 708EFF002546DBCB009D9DEC /* IssueTrackerTests.xctest */;
			productType = "com.apple.product-type.bundle.unit-test";
		};
/* End PBXNativeTarget section */

/* Begin PBXProject section */
		708EFEE22546DBC9009D9DEC /* Project object */ = {
			isa = PBXProject;
			attributes = {
				LastSwiftUpdateCheck = 1210;
				LastUpgradeCheck = 1210;
				TargetAttributes = {
					708EFEE92546DBC9009D9DEC = {
						CreatedOnToolsVersion = 12.1;
					};
					708EFEFF2546DBCB009D9DEC = {
						CreatedOnToolsVersion = 12.1;
						TestTargetID = 708EFEE92546DBC9009D9DEC;
					};
				};
			};
			buildConfigurationList = 708EFEE52546DBC9009D9DEC /* Build configuration list for PBXProject "IssueTracker" */;
			compatibilityVersion = "Xcode 9.3";
			developmentRegion = en;
			hasScannedForEncodings = 0;
			knownRegions = (
				en,
				Base,
			);
			mainGroup = 708EFEE12546DBC9009D9DEC;
			packageReferences = (
				701343B12549061B0044080A /* XCRemoteSwiftPackageReference "Alamofire" */,
			);
			productRefGroup = 708EFEEB2546DBC9009D9DEC /* Products */;
			projectDirPath = "";
			projectRoot = "";
			targets = (
				708EFEE92546DBC9009D9DEC /* IssueTracker */,
				708EFEFF2546DBCB009D9DEC /* IssueTrackerTests */,
			);
		};
/* End PBXProject section */

/* Begin PBXResourcesBuildPhase section */
		708EFEE82546DBC9009D9DEC /* Resources */ = {
			isa = PBXResourcesBuildPhase;
			buildActionMask = 2147483647;
			files = (
				7074DE212547DB9800A64FC2 /* .swiftlint.yml in Resources */,
				7059310625503859003FE49F /* MileStone.storyboard in Resources */,
				708EFEFA2546DBCA009D9DEC /* LaunchScreen.storyboard in Resources */,
				705930F92550380F003FE49F /* IssueList.storyboard in Resources */,
				705930FF25503840003FE49F /* Label.storyboard in Resources */,
				708EFEF72546DBCA009D9DEC /* Assets.xcassets in Resources */,
				BBE2860A25503C1200A59009 /* Authentication.storyboard in Resources */,
				708EFEF52546DBC9009D9DEC /* Main.storyboard in Resources */,
				7059310C2550386F003FE49F /* Setting.storyboard in Resources */,
			);
			runOnlyForDeploymentPostprocessing = 0;
		};
		708EFEFE2546DBCB009D9DEC /* Resources */ = {
			isa = PBXResourcesBuildPhase;
			buildActionMask = 2147483647;
			files = (
			);
			runOnlyForDeploymentPostprocessing = 0;
		};
/* End PBXResourcesBuildPhase section */

/* Begin PBXShellScriptBuildPhase section */
		700EDACD2547DB20005AD3BD /* ShellScript */ = {
			isa = PBXShellScriptBuildPhase;
			buildActionMask = 2147483647;
			files = (
			);
			inputFileListPaths = (
			);
			inputPaths = (
			);
			outputFileListPaths = (
			);
			outputPaths = (
			);
			runOnlyForDeploymentPostprocessing = 0;
			shellPath = /bin/sh;
			shellScript = "${PODS_ROOT}/SwiftLint/swiftlint\n\n";
		};
		A5ED5CC7BAAC2F5232EA13AB /* [CP] Check Pods Manifest.lock */ = {
			isa = PBXShellScriptBuildPhase;
			buildActionMask = 2147483647;
			files = (
			);
			inputFileListPaths = (
			);
			inputPaths = (
				"${PODS_PODFILE_DIR_PATH}/Podfile.lock",
				"${PODS_ROOT}/Manifest.lock",
			);
			name = "[CP] Check Pods Manifest.lock";
			outputFileListPaths = (
			);
			outputPaths = (
				"$(DERIVED_FILE_DIR)/Pods-IssueTracker-checkManifestLockResult.txt",
			);
			runOnlyForDeploymentPostprocessing = 0;
			shellPath = /bin/sh;
			shellScript = "diff \"${PODS_PODFILE_DIR_PATH}/Podfile.lock\" \"${PODS_ROOT}/Manifest.lock\" > /dev/null\nif [ $? != 0 ] ; then\n    # print error to STDERR\n    echo \"error: The sandbox is not in sync with the Podfile.lock. Run 'pod install' or update your CocoaPods installation.\" >&2\n    exit 1\nfi\n# This output is used by Xcode 'outputs' to avoid re-running this script phase.\necho \"SUCCESS\" > \"${SCRIPT_OUTPUT_FILE_0}\"\n";
			showEnvVarsInLog = 0;
		};
/* End PBXShellScriptBuildPhase section */

/* Begin PBXSourcesBuildPhase section */
		708EFEE62546DBC9009D9DEC /* Sources */ = {
			isa = PBXSourcesBuildPhase;
			buildActionMask = 2147483647;
			files = (
				7059313525512E72003FE49F /* IssueListViewModel.swift in Sources */,
				BBCC4A032547FCF800FAB2F4 /* SignUpViewController.swift in Sources */,
				7059319525518603003FE49F /* CustomButtonView.swift in Sources */,
				BB41E02B2549655B008245A3 /* SignInEndPoint.swift in Sources */,
				7014F08F2557032D0059A8F3 /* AppleModel.swift in Sources */,
				7059319925518A8A003FE49F /* UIColor+random.swift in Sources */,
				705931B325523FE0003FE49F /* UIColor+hex.swift in Sources */,
				705930DB25500126003FE49F /* IssueFilterTableViewCell.swift in Sources */,
				7059319025518527003FE49F /* UIVIew+snapshot.swift in Sources */,
				BBCC49F32547E9FD00FAB2F4 /* UIView+IBInspectable.swift in Sources */,
				7059317D25516426003FE49F /* MilestoneElement.swift in Sources */,
				705931A625523F0A003FE49F /* String+toDate.swift in Sources */,
				BBE2861125503D8A00A59009 /* SettingViewController.swift in Sources */,
				BBCC49ED2547E8F300FAB2F4 /* SignInViewController.swift in Sources */,
				BB65A04C254FED2000D09DD5 /* IssueDetailViewController.swift in Sources */,
				7059311325503E79003FE49F /* IssueDetailCollectionViewCell.swift in Sources */,
				7059317925516357003FE49F /* IssueListElement.swift in Sources */,
				7059318525516506003FE49F /* CommentElement.swift in Sources */,
				BB52171B254A9EAF008455D4 /* OAuthManager.swift in Sources */,
				BB41E027254963FA008245A3 /* APIConfiguration.swift in Sources */,
				70B0A13E2552850600E0E130 /* IssueFilterViewModel.swift in Sources */,
				705930D4254FFF63003FE49F /* IssueFilterViewController.swift in Sources */,
				701343C125493A160044080A /* NetworkManager.swift in Sources */,
				708EFEEE2546DBC9009D9DEC /* AppDelegate.swift in Sources */,
				7059311E25506294003FE49F /* IssueDetailBottomSheetViewController.swift in Sources */,
				705931662551460B003FE49F /* IssueListCollectionViewCell.swift in Sources */,
				70B0A15425531CA300E0E130 /* User.swift in Sources */,
				7059318125516458003FE49F /* LabelElement.swift in Sources */,
				702D6C38254AB0DB00E1A706 /* KeychainItem.swift in Sources */,
				705931A2255237A7003FE49F /* EventElement.swift in Sources */,
				7059315125513C69003FE49F /* IssueListModelController.swift in Sources */,
				702D6C0B254A8E0100E1A706 /* SignInWithAppleButton.swift in Sources */,
				705930E625502FA4003FE49F /* HeaderView.swift in Sources */,
				BB91912425500E25007D25B7 /* CreateIssueViewController.swift in Sources */,
				BBB321F32556DE42000F6CF3 /* EditIssueViewController.swift in Sources */,
				BB65A046254FECA300D09DD5 /* IssueListViewController.swift in Sources */,
				BBCC4A132548204200FAB2F4 /* SignInInteractor.swift in Sources */,
				70F466BD2556BF6100C277AD /* IssueListEndPoint.swift in Sources */,
				708EFEF02546DBC9009D9DEC /* SceneDelegate.swift in Sources */,
			);
			runOnlyForDeploymentPostprocessing = 0;
		};
		708EFEFC2546DBCB009D9DEC /* Sources */ = {
			isa = PBXSourcesBuildPhase;
			buildActionMask = 2147483647;
			files = (
				7012DC942549AEE500EAADD7 /* EndPointMock.swift in Sources */,
				7059315725513E39003FE49F /* IssueListMakeTests.swift in Sources */,
				7012DC8E2549ADC400EAADD7 /* SignInEndPointTest.swift in Sources */,
				7059314C25513994003FE49F /* IssueListFilterTests.swift in Sources */,
				701343BB254907AA0044080A /* NetworkManagerTest.swift in Sources */,
				708EFF052546DBCB009D9DEC /* IssueTrackerTests.swift in Sources */,
				7012DC982549AF1B00EAADD7 /* SessionManagerStub.swift in Sources */,
				7059315C25513E82003FE49F /* IssuesMock.swift in Sources */,
				BB52170F254A81D8008455D4 /* UserTestModel.swift in Sources */,
			);
			runOnlyForDeploymentPostprocessing = 0;
		};
/* End PBXSourcesBuildPhase section */

/* Begin PBXTargetDependency section */
		708EFF022546DBCB009D9DEC /* PBXTargetDependency */ = {
			isa = PBXTargetDependency;
			target = 708EFEE92546DBC9009D9DEC /* IssueTracker */;
			targetProxy = 708EFF012546DBCB009D9DEC /* PBXContainerItemProxy */;
		};
/* End PBXTargetDependency section */

/* Begin PBXVariantGroup section */
		705930F72550380F003FE49F /* IssueList.storyboard */ = {
			isa = PBXVariantGroup;
			children = (
				705930F82550380F003FE49F /* Base */,
			);
			name = IssueList.storyboard;
			sourceTree = "<group>";
		};
		7059310425503859003FE49F /* MileStone.storyboard */ = {
			isa = PBXVariantGroup;
			children = (
				7059310525503859003FE49F /* Base */,
			);
			name = MileStone.storyboard;
			sourceTree = "<group>";
		};
		708EFEF32546DBC9009D9DEC /* Main.storyboard */ = {
			isa = PBXVariantGroup;
			children = (
				708EFEF42546DBC9009D9DEC /* Base */,
			);
			name = Main.storyboard;
			sourceTree = "<group>";
		};
		708EFEF82546DBCA009D9DEC /* LaunchScreen.storyboard */ = {
			isa = PBXVariantGroup;
			children = (
				708EFEF92546DBCA009D9DEC /* Base */,
			);
			name = LaunchScreen.storyboard;
			sourceTree = "<group>";
		};
		BBE2860825503C1200A59009 /* Authentication.storyboard */ = {
			isa = PBXVariantGroup;
			children = (
				BBE2860925503C1200A59009 /* Base */,
			);
			name = Authentication.storyboard;
			sourceTree = "<group>";
		};
/* End PBXVariantGroup section */

/* Begin XCBuildConfiguration section */
		708EFF122546DBCB009D9DEC /* Debug */ = {
			isa = XCBuildConfiguration;
			buildSettings = {
				ALWAYS_SEARCH_USER_PATHS = NO;
				CLANG_ANALYZER_NONNULL = YES;
				CLANG_ANALYZER_NUMBER_OBJECT_CONVERSION = YES_AGGRESSIVE;
				CLANG_CXX_LANGUAGE_STANDARD = "gnu++14";
				CLANG_CXX_LIBRARY = "libc++";
				CLANG_ENABLE_MODULES = YES;
				CLANG_ENABLE_OBJC_ARC = YES;
				CLANG_ENABLE_OBJC_WEAK = YES;
				CLANG_WARN_BLOCK_CAPTURE_AUTORELEASING = YES;
				CLANG_WARN_BOOL_CONVERSION = YES;
				CLANG_WARN_COMMA = YES;
				CLANG_WARN_CONSTANT_CONVERSION = YES;
				CLANG_WARN_DEPRECATED_OBJC_IMPLEMENTATIONS = YES;
				CLANG_WARN_DIRECT_OBJC_ISA_USAGE = YES_ERROR;
				CLANG_WARN_DOCUMENTATION_COMMENTS = YES;
				CLANG_WARN_EMPTY_BODY = YES;
				CLANG_WARN_ENUM_CONVERSION = YES;
				CLANG_WARN_INFINITE_RECURSION = YES;
				CLANG_WARN_INT_CONVERSION = YES;
				CLANG_WARN_NON_LITERAL_NULL_CONVERSION = YES;
				CLANG_WARN_OBJC_IMPLICIT_RETAIN_SELF = YES;
				CLANG_WARN_OBJC_LITERAL_CONVERSION = YES;
				CLANG_WARN_OBJC_ROOT_CLASS = YES_ERROR;
				CLANG_WARN_QUOTED_INCLUDE_IN_FRAMEWORK_HEADER = YES;
				CLANG_WARN_RANGE_LOOP_ANALYSIS = YES;
				CLANG_WARN_STRICT_PROTOTYPES = YES;
				CLANG_WARN_SUSPICIOUS_MOVE = YES;
				CLANG_WARN_UNGUARDED_AVAILABILITY = YES_AGGRESSIVE;
				CLANG_WARN_UNREACHABLE_CODE = YES;
				CLANG_WARN__DUPLICATE_METHOD_MATCH = YES;
				COPY_PHASE_STRIP = NO;
				DEBUG_INFORMATION_FORMAT = dwarf;
				ENABLE_STRICT_OBJC_MSGSEND = YES;
				ENABLE_TESTABILITY = YES;
				GCC_C_LANGUAGE_STANDARD = gnu11;
				GCC_DYNAMIC_NO_PIC = NO;
				GCC_NO_COMMON_BLOCKS = YES;
				GCC_OPTIMIZATION_LEVEL = 0;
				GCC_PREPROCESSOR_DEFINITIONS = (
					"DEBUG=1",
					"$(inherited)",
				);
				GCC_WARN_64_TO_32_BIT_CONVERSION = YES;
				GCC_WARN_ABOUT_RETURN_TYPE = YES_ERROR;
				GCC_WARN_UNDECLARED_SELECTOR = YES;
				GCC_WARN_UNINITIALIZED_AUTOS = YES_AGGRESSIVE;
				GCC_WARN_UNUSED_FUNCTION = YES;
				GCC_WARN_UNUSED_VARIABLE = YES;
				IPHONEOS_DEPLOYMENT_TARGET = 14.0;
				MTL_ENABLE_DEBUG_INFO = INCLUDE_SOURCE;
				MTL_FAST_MATH = YES;
				ONLY_ACTIVE_ARCH = YES;
				SDKROOT = iphoneos;
				SWIFT_ACTIVE_COMPILATION_CONDITIONS = DEBUG;
				SWIFT_OPTIMIZATION_LEVEL = "-Onone";
			};
			name = Debug;
		};
		708EFF132546DBCB009D9DEC /* Release */ = {
			isa = XCBuildConfiguration;
			buildSettings = {
				ALWAYS_SEARCH_USER_PATHS = NO;
				CLANG_ANALYZER_NONNULL = YES;
				CLANG_ANALYZER_NUMBER_OBJECT_CONVERSION = YES_AGGRESSIVE;
				CLANG_CXX_LANGUAGE_STANDARD = "gnu++14";
				CLANG_CXX_LIBRARY = "libc++";
				CLANG_ENABLE_MODULES = YES;
				CLANG_ENABLE_OBJC_ARC = YES;
				CLANG_ENABLE_OBJC_WEAK = YES;
				CLANG_WARN_BLOCK_CAPTURE_AUTORELEASING = YES;
				CLANG_WARN_BOOL_CONVERSION = YES;
				CLANG_WARN_COMMA = YES;
				CLANG_WARN_CONSTANT_CONVERSION = YES;
				CLANG_WARN_DEPRECATED_OBJC_IMPLEMENTATIONS = YES;
				CLANG_WARN_DIRECT_OBJC_ISA_USAGE = YES_ERROR;
				CLANG_WARN_DOCUMENTATION_COMMENTS = YES;
				CLANG_WARN_EMPTY_BODY = YES;
				CLANG_WARN_ENUM_CONVERSION = YES;
				CLANG_WARN_INFINITE_RECURSION = YES;
				CLANG_WARN_INT_CONVERSION = YES;
				CLANG_WARN_NON_LITERAL_NULL_CONVERSION = YES;
				CLANG_WARN_OBJC_IMPLICIT_RETAIN_SELF = YES;
				CLANG_WARN_OBJC_LITERAL_CONVERSION = YES;
				CLANG_WARN_OBJC_ROOT_CLASS = YES_ERROR;
				CLANG_WARN_QUOTED_INCLUDE_IN_FRAMEWORK_HEADER = YES;
				CLANG_WARN_RANGE_LOOP_ANALYSIS = YES;
				CLANG_WARN_STRICT_PROTOTYPES = YES;
				CLANG_WARN_SUSPICIOUS_MOVE = YES;
				CLANG_WARN_UNGUARDED_AVAILABILITY = YES_AGGRESSIVE;
				CLANG_WARN_UNREACHABLE_CODE = YES;
				CLANG_WARN__DUPLICATE_METHOD_MATCH = YES;
				COPY_PHASE_STRIP = NO;
				DEBUG_INFORMATION_FORMAT = "dwarf-with-dsym";
				ENABLE_NS_ASSERTIONS = NO;
				ENABLE_STRICT_OBJC_MSGSEND = YES;
				GCC_C_LANGUAGE_STANDARD = gnu11;
				GCC_NO_COMMON_BLOCKS = YES;
				GCC_WARN_64_TO_32_BIT_CONVERSION = YES;
				GCC_WARN_ABOUT_RETURN_TYPE = YES_ERROR;
				GCC_WARN_UNDECLARED_SELECTOR = YES;
				GCC_WARN_UNINITIALIZED_AUTOS = YES_AGGRESSIVE;
				GCC_WARN_UNUSED_FUNCTION = YES;
				GCC_WARN_UNUSED_VARIABLE = YES;
				IPHONEOS_DEPLOYMENT_TARGET = 14.0;
				MTL_ENABLE_DEBUG_INFO = NO;
				MTL_FAST_MATH = YES;
				SDKROOT = iphoneos;
				SWIFT_COMPILATION_MODE = wholemodule;
				SWIFT_OPTIMIZATION_LEVEL = "-O";
				VALIDATE_PRODUCT = YES;
			};
			name = Release;
		};
		708EFF152546DBCB009D9DEC /* Debug */ = {
			isa = XCBuildConfiguration;
			baseConfigurationReference = 00CD71BADFAF37AAD7411928 /* Pods-IssueTracker.debug.xcconfig */;
			buildSettings = {
				ASSETCATALOG_COMPILER_APPICON_NAME = AppIcon;
				ASSETCATALOG_COMPILER_GLOBAL_ACCENT_COLOR_NAME = AccentColor;
				CODE_SIGN_ENTITLEMENTS = IssueTracker/IssueTracker.entitlements;
				CODE_SIGN_STYLE = Automatic;
				DEVELOPMENT_TEAM = B3PWYBKFUK;
				INFOPLIST_FILE = IssueTracker/Info.plist;
				LD_RUNPATH_SEARCH_PATHS = (
					"$(inherited)",
					"@executable_path/Frameworks",
				);
				PRODUCT_BUNDLE_IDENTIFIER = "com.boostcamp.membership.IssueTracker-3";
				PRODUCT_NAME = "$(TARGET_NAME)";
				SWIFT_VERSION = 5.0;
				TARGETED_DEVICE_FAMILY = "1,2";
			};
			name = Debug;
		};
		708EFF162546DBCB009D9DEC /* Release */ = {
			isa = XCBuildConfiguration;
			baseConfigurationReference = E3F70225329F0E308853325D /* Pods-IssueTracker.release.xcconfig */;
			buildSettings = {
				ASSETCATALOG_COMPILER_APPICON_NAME = AppIcon;
				ASSETCATALOG_COMPILER_GLOBAL_ACCENT_COLOR_NAME = AccentColor;
				CODE_SIGN_ENTITLEMENTS = IssueTracker/IssueTracker.entitlements;
				CODE_SIGN_STYLE = Automatic;
				DEVELOPMENT_TEAM = B3PWYBKFUK;
				INFOPLIST_FILE = IssueTracker/Info.plist;
				LD_RUNPATH_SEARCH_PATHS = (
					"$(inherited)",
					"@executable_path/Frameworks",
				);
				PRODUCT_BUNDLE_IDENTIFIER = "com.boostcamp.membership.IssueTracker-3";
				PRODUCT_NAME = "$(TARGET_NAME)";
				SWIFT_VERSION = 5.0;
				TARGETED_DEVICE_FAMILY = "1,2";
			};
			name = Release;
		};
		708EFF182546DBCB009D9DEC /* Debug */ = {
			isa = XCBuildConfiguration;
			buildSettings = {
				ALWAYS_EMBED_SWIFT_STANDARD_LIBRARIES = YES;
				BUNDLE_LOADER = "$(TEST_HOST)";
				"CODE_SIGN_IDENTITY[sdk=macosx*]" = "Apple Development";
				CODE_SIGN_STYLE = Automatic;
				DEVELOPMENT_TEAM = SGYKMZSBS7;
				INFOPLIST_FILE = IssueTrackerTests/Info.plist;
				IPHONEOS_DEPLOYMENT_TARGET = 14.1;
				LD_RUNPATH_SEARCH_PATHS = (
					"$(inherited)",
					"@executable_path/Frameworks",
					"@loader_path/Frameworks",
				);
				PRODUCT_BUNDLE_IDENTIFIER = com.boostcamp.IssueTrackerTests;
				PRODUCT_NAME = "$(TARGET_NAME)";
				SWIFT_VERSION = 5.0;
				TARGETED_DEVICE_FAMILY = "1,2";
				TEST_HOST = "$(BUILT_PRODUCTS_DIR)/IssueTracker.app/IssueTracker";
			};
			name = Debug;
		};
		708EFF192546DBCB009D9DEC /* Release */ = {
			isa = XCBuildConfiguration;
			buildSettings = {
				ALWAYS_EMBED_SWIFT_STANDARD_LIBRARIES = YES;
				BUNDLE_LOADER = "$(TEST_HOST)";
				"CODE_SIGN_IDENTITY[sdk=macosx*]" = "Apple Development";
				CODE_SIGN_STYLE = Automatic;
				DEVELOPMENT_TEAM = SGYKMZSBS7;
				INFOPLIST_FILE = IssueTrackerTests/Info.plist;
				IPHONEOS_DEPLOYMENT_TARGET = 14.1;
				LD_RUNPATH_SEARCH_PATHS = (
					"$(inherited)",
					"@executable_path/Frameworks",
					"@loader_path/Frameworks",
				);
				PRODUCT_BUNDLE_IDENTIFIER = com.boostcamp.IssueTrackerTests;
				PRODUCT_NAME = "$(TARGET_NAME)";
				SWIFT_VERSION = 5.0;
				TARGETED_DEVICE_FAMILY = "1,2";
				TEST_HOST = "$(BUILT_PRODUCTS_DIR)/IssueTracker.app/IssueTracker";
			};
			name = Release;
		};
/* End XCBuildConfiguration section */

/* Begin XCConfigurationList section */
		708EFEE52546DBC9009D9DEC /* Build configuration list for PBXProject "IssueTracker" */ = {
			isa = XCConfigurationList;
			buildConfigurations = (
				708EFF122546DBCB009D9DEC /* Debug */,
				708EFF132546DBCB009D9DEC /* Release */,
			);
			defaultConfigurationIsVisible = 0;
			defaultConfigurationName = Release;
		};
		708EFF142546DBCB009D9DEC /* Build configuration list for PBXNativeTarget "IssueTracker" */ = {
			isa = XCConfigurationList;
			buildConfigurations = (
				708EFF152546DBCB009D9DEC /* Debug */,
				708EFF162546DBCB009D9DEC /* Release */,
			);
			defaultConfigurationIsVisible = 0;
			defaultConfigurationName = Release;
		};
		708EFF172546DBCB009D9DEC /* Build configuration list for PBXNativeTarget "IssueTrackerTests" */ = {
			isa = XCConfigurationList;
			buildConfigurations = (
				708EFF182546DBCB009D9DEC /* Debug */,
				708EFF192546DBCB009D9DEC /* Release */,
			);
			defaultConfigurationIsVisible = 0;
			defaultConfigurationName = Release;
		};
/* End XCConfigurationList section */

/* Begin XCRemoteSwiftPackageReference section */
		701343B12549061B0044080A /* XCRemoteSwiftPackageReference "Alamofire" */ = {
			isa = XCRemoteSwiftPackageReference;
			repositoryURL = "https://github.com/Alamofire/Alamofire.git";
			requirement = {
				kind = upToNextMajorVersion;
				minimumVersion = 5.3.0;
			};
		};
/* End XCRemoteSwiftPackageReference section */

/* Begin XCSwiftPackageProductDependency section */
		701343B22549061B0044080A /* Alamofire */ = {
			isa = XCSwiftPackageProductDependency;
			package = 701343B12549061B0044080A /* XCRemoteSwiftPackageReference "Alamofire" */;
			productName = Alamofire;
		};
/* End XCSwiftPackageProductDependency section */
	};
	rootObject = 708EFEE22546DBC9009D9DEC /* Project object */;
}
