{
  "object": {
    "pins": [
      {
        "package": "MarkdownView",
        "repositoryURL": "https://github.com/keitaoouchi/MarkdownView.git",
        "state": {
          "branch": null,
          "revision": "b88cd53afe4c8bb42d40e0141be03922d1d3c6c9",
          "version": "1.7.1"
        }
      },
      {
        "package": "SwiftyMarkdown",
        "repositoryURL": "https://github.com/SimonFairbairn/SwiftyMarkdown.git",
        "state": {
          "branch": null,
          "revision": "5b0a1e76332a633726f9f9a00b4bbd840166bccf",
          "version": "1.2.3"
        }
      }
    ]
  },
  "version": 1
}
